{
    "_meta": {
        "hash": {
            "sha256": "6b655eb9342c7315ed456ce5fe58b653a36f3726736f0cecf6252e9a2247d9ee"
        },
        "pipfile-spec": 6,
        "requires": {},
        "sources": [
            {
                "name": "pypi",
                "url": "https://pypi.org/simple",
                "verify_ssl": true
            }
        ]
    },
    "default": {
        "attrs": {
            "hashes": [
                "sha256:935dc3b529c262f6cf76e50877d35a4bd3c1de194fd41f47a2b7ae8f19971f30",
                "sha256:99b87a485a5820b23b879f04c2305b44b951b502fd64be915879d77a7e8fc6f1"
            ],
            "markers": "python_version >= '3.7'",
            "version": "==23.2.0"
        },
        "grafanalib": {
            "hashes": [
                "sha256:3d92bb4e92ae78fe4e21c5b252ab51f4fdcacd8523ba5a44545b897b2a375b83",
                "sha256:6fab5d7b837a1f2d1322ef762cd52e565ec0422707a7512765c59f668bdceb58"
            ],
            "index": "pypi",
            "version": "==0.7.1"
        }
    },
    "develop": {}
}
