{
    "_meta": {
        "hash": {
            "sha256": "6b655eb9342c7315ed456ce5fe58b653a36f3726736f0cecf6252e9a2247d9ee"
        },
        "pipfile-spec": 6,
        "requires": {},
        "sources": [
            {
                "name": "pypi",
                "url": "https://pypi.org/simple",
                "verify_ssl": true
            }
        ]
    },
    "default": {
        "attrs": {
            "hashes": [
                "sha256:29e95c7f6778868dbd49170f98f8818f78f3dc5e0e37c0b1f474e3561b240836",
                "sha256:c9227bfc2f01993c03f68db37d1d15c9690188323c067c641f1a35ca58185f99"
            ],
            "markers": "python_version >= '3.6'",
            "version": "==22.2.0"
        },
        "grafanalib": {
            "hashes": [
                "sha256:8ae9fc62ee3c28e924ecb0d89ffbb5d18b1193bb1401cde59e01b3e184db9b42",
                "sha256:b479e9c72e39705aef114b2d73b4328c16b81bfa3e1c423a85a13d4c912b57b5"
            ],
            "index": "pypi",
            "version": "==0.7.0"
        }
    },
    "develop": {}
}
